
Microsoft Visual Studio Solution File, Format Version 12.00
# Visual Studio Version 17
VisualStudioVersion = 17.2.32526.322
MinimumVisualStudioVersion = 10.0.40219.1
Project("{FAE04EC0-301F-11D3-BF4B-00C04F79EFBC}") = "Hangfire.Web", "Hangfire.Web\Hangfire.Web.csproj", "{B36229A5-7D78-4ABB-BF84-E74B030412D2}"
EndProject
Global
	GlobalSection(SolutionConfigurationPlatforms) = preSolution
		Debug|Any CPU = Debug|Any CPU
		Release|Any CPU = Release|Any CPU
	EndGlobalSection
	GlobalSection(ProjectConfigurationPlatforms) = postSolution
		{B36229A5-7D78-4ABB-BF84-E74B030412D2}.Debug|Any CPU.ActiveCfg = Debug|Any CPU
		{B36229A5-7D78-4ABB-BF84-E74B030412D2}.Debug|Any CPU.Build.0 = Debug|Any CPU
		{B36229A5-7D78-4ABB-BF84-E74B030412D2}.Release|Any CPU.ActiveCfg = Release|Any CPU
		{B36229A5-7D78-4ABB-BF84-E74B030412D2}.Release|Any CPU.Build.0 = Release|Any CPU
	EndGlobalSection
	GlobalSection(SolutionProperties) = preSolution
		HideSolutionNode = FALSE
	EndGlobalSection
	GlobalSection(ExtensibilityGlobals) = postSolution
		SolutionGuid = {0915274D-37B8-47E9-9024-B70BAD8F9604}
	EndGlobalSection
EndGlobal
